
Microsoft Visual Studio Solution File, Format Version 12.00
# Visual Studio Version 17
VisualStudioVersion = 17.2.32616.157
MinimumVisualStudioVersion = 10.0.40219.1
Project("{FAE04EC0-301F-11D3-BF4B-00C04F79EFBC}") = "csharp-gestore-eventi", "csharp-gestore-eventi\csharp-gestore-eventi.csproj", "{03E558D6-FBFB-4CF1-B976-B85066F3E899}"
EndProject
Global
	GlobalSection(SolutionConfigurationPlatforms) = preSolution
		Debug|Any CPU = Debug|Any CPU
		Release|Any CPU = Release|Any CPU
	EndGlobalSection
	GlobalSection(ProjectConfigurationPlatforms) = postSolution
		{03E558D6-FBFB-4CF1-B976-B85066F3E899}.Debug|Any CPU.ActiveCfg = Debug|Any CPU
		{03E558D6-FBFB-4CF1-B976-B85066F3E899}.Debug|Any CPU.Build.0 = Debug|Any CPU
		{03E558D6-FBFB-4CF1-B976-B85066F3E899}.Release|Any CPU.ActiveCfg = Release|Any CPU
		{03E558D6-FBFB-4CF1-B976-B85066F3E899}.Release|Any CPU.Build.0 = Release|Any CPU
	EndGlobalSection
	GlobalSection(SolutionProperties) = preSolution
		HideSolutionNode = FALSE
	EndGlobalSection
	GlobalSection(ExtensibilityGlobals) = postSolution
		SolutionGuid = {24E43FAD-2B8D-4E94-8AAF-221E503F39FE}
	EndGlobalSection
EndGlobal
